
Microsoft Visual Studio Solution File, Format Version 12.00
# Visual Studio Version 17
VisualStudioVersion = 17.6.33801.468
MinimumVisualStudioVersion = 10.0.40219.1
Project("{FAE04EC0-301F-11D3-BF4B-00C04F79EFBC}") = "Como criar um servico windows", "Como criar um servico windows\Como criar um servico windows.csproj", "{D521C9AF-6E6F-4978-B61C-E25E36937BB5}"
EndProject
Global
	GlobalSection(SolutionConfigurationPlatforms) = preSolution
		Debug|Any CPU = Debug|Any CPU
		Release|Any CPU = Release|Any CPU
	EndGlobalSection
	GlobalSection(ProjectConfigurationPlatforms) = postSolution
		{D521C9AF-6E6F-4978-B61C-E25E36937BB5}.Debug|Any CPU.ActiveCfg = Debug|Any CPU
		{D521C9AF-6E6F-4978-B61C-E25E36937BB5}.Debug|Any CPU.Build.0 = Debug|Any CPU
		{D521C9AF-6E6F-4978-B61C-E25E36937BB5}.Release|Any CPU.ActiveCfg = Release|Any CPU
		{D521C9AF-6E6F-4978-B61C-E25E36937BB5}.Release|Any CPU.Build.0 = Release|Any CPU
	EndGlobalSection
	GlobalSection(SolutionProperties) = preSolution
		HideSolutionNode = FALSE
	EndGlobalSection
	GlobalSection(ExtensibilityGlobals) = postSolution
		SolutionGuid = {CDA7484B-6F02-435D-B909-70A2B444E434}
	EndGlobalSection
EndGlobal
