
Microsoft Visual Studio Solution File, Format Version 12.00
# Visual Studio Version 17
VisualStudioVersion = 17.5.33502.453
MinimumVisualStudioVersion = 10.0.40219.1
Project("{FAE04EC0-301F-11D3-BF4B-00C04F79EFBC}") = "ComboBox", "ComboBox\ComboBox.csproj", "{53FB88FC-0E10-4BEF-BE66-50C1628AB396}"
EndProject
Global
	GlobalSection(SolutionConfigurationPlatforms) = preSolution
		Debug|Any CPU = Debug|Any CPU
		Release|Any CPU = Release|Any CPU
	EndGlobalSection
	GlobalSection(ProjectConfigurationPlatforms) = postSolution
		{53FB88FC-0E10-4BEF-BE66-50C1628AB396}.Debug|Any CPU.ActiveCfg = Debug|Any CPU
		{53FB88FC-0E10-4BEF-BE66-50C1628AB396}.Debug|Any CPU.Build.0 = Debug|Any CPU
		{53FB88FC-0E10-4BEF-BE66-50C1628AB396}.Release|Any CPU.ActiveCfg = Release|Any CPU
		{53FB88FC-0E10-4BEF-BE66-50C1628AB396}.Release|Any CPU.Build.0 = Release|Any CPU
	EndGlobalSection
	GlobalSection(SolutionProperties) = preSolution
		HideSolutionNode = FALSE
	EndGlobalSection
	GlobalSection(ExtensibilityGlobals) = postSolution
		SolutionGuid = {C790BAF2-EE9B-490A-890F-9764BB2C5B2E}
	EndGlobalSection
EndGlobal
