
Microsoft Visual Studio Solution File, Format Version 12.00
# Visual Studio Version 17
VisualStudioVersion = 17.5.33502.453
MinimumVisualStudioVersion = 10.0.40219.1
Project("{FAE04EC0-301F-11D3-BF4B-00C04F79EFBC}") = "Interfaces", "Interfaces\Interfaces.csproj", "{667800A5-CDFB-4B68-8E0E-899C184DAD81}"
EndProject
Global
	GlobalSection(SolutionConfigurationPlatforms) = preSolution
		Debug|Any CPU = Debug|Any CPU
		Release|Any CPU = Release|Any CPU
	EndGlobalSection
	GlobalSection(ProjectConfigurationPlatforms) = postSolution
		{667800A5-CDFB-4B68-8E0E-899C184DAD81}.Debug|Any CPU.ActiveCfg = Debug|Any CPU
		{667800A5-CDFB-4B68-8E0E-899C184DAD81}.Debug|Any CPU.Build.0 = Debug|Any CPU
		{667800A5-CDFB-4B68-8E0E-899C184DAD81}.Release|Any CPU.ActiveCfg = Release|Any CPU
		{667800A5-CDFB-4B68-8E0E-899C184DAD81}.Release|Any CPU.Build.0 = Release|Any CPU
	EndGlobalSection
	GlobalSection(SolutionProperties) = preSolution
		HideSolutionNode = FALSE
	EndGlobalSection
	GlobalSection(ExtensibilityGlobals) = postSolution
		SolutionGuid = {11C8E86A-F990-4628-9836-D6FFF28FB0BB}
	EndGlobalSection
EndGlobal
