
Microsoft Visual Studio Solution File, Format Version 12.00
# Visual Studio Version 17
VisualStudioVersion = 17.5.33502.453
MinimumVisualStudioVersion = 10.0.40219.1
Project("{FAE04EC0-301F-11D3-BF4B-00C04F79EFBC}") = "Sexto_Projeto", "Sexto_Projeto\Sexto_Projeto.csproj", "{0F0BBC8B-19F4-42DC-91F5-9687F566C338}"
EndProject
Global
	GlobalSection(SolutionConfigurationPlatforms) = preSolution
		Debug|Any CPU = Debug|Any CPU
		Release|Any CPU = Release|Any CPU
	EndGlobalSection
	GlobalSection(ProjectConfigurationPlatforms) = postSolution
		{0F0BBC8B-19F4-42DC-91F5-9687F566C338}.Debug|Any CPU.ActiveCfg = Debug|Any CPU
		{0F0BBC8B-19F4-42DC-91F5-9687F566C338}.Debug|Any CPU.Build.0 = Debug|Any CPU
		{0F0BBC8B-19F4-42DC-91F5-9687F566C338}.Release|Any CPU.ActiveCfg = Release|Any CPU
		{0F0BBC8B-19F4-42DC-91F5-9687F566C338}.Release|Any CPU.Build.0 = Release|Any CPU
	EndGlobalSection
	GlobalSection(SolutionProperties) = preSolution
		HideSolutionNode = FALSE
	EndGlobalSection
	GlobalSection(ExtensibilityGlobals) = postSolution
		SolutionGuid = {3CFEA6DA-ABBC-4CD7-A938-F5B89B859290}
	EndGlobalSection
EndGlobal
