
Microsoft Visual Studio Solution File, Format Version 12.00
# Visual Studio Version 17
VisualStudioVersion = 17.5.33502.453
MinimumVisualStudioVersion = 10.0.40219.1
Project("{FAE04EC0-301F-11D3-BF4B-00C04F79EFBC}") = "Segundo_Projeto", "Segundo_Projeto\Segundo_Projeto.csproj", "{BB694EE2-9759-4982-8CEF-0A406A943355}"
EndProject
Global
	GlobalSection(SolutionConfigurationPlatforms) = preSolution
		Debug|Any CPU = Debug|Any CPU
		Release|Any CPU = Release|Any CPU
	EndGlobalSection
	GlobalSection(ProjectConfigurationPlatforms) = postSolution
		{BB694EE2-9759-4982-8CEF-0A406A943355}.Debug|Any CPU.ActiveCfg = Debug|Any CPU
		{BB694EE2-9759-4982-8CEF-0A406A943355}.Debug|Any CPU.Build.0 = Debug|Any CPU
		{BB694EE2-9759-4982-8CEF-0A406A943355}.Release|Any CPU.ActiveCfg = Release|Any CPU
		{BB694EE2-9759-4982-8CEF-0A406A943355}.Release|Any CPU.Build.0 = Release|Any CPU
	EndGlobalSection
	GlobalSection(SolutionProperties) = preSolution
		HideSolutionNode = FALSE
	EndGlobalSection
	GlobalSection(ExtensibilityGlobals) = postSolution
		SolutionGuid = {54AD614D-67E4-475C-A70C-BF736980B2A0}
	EndGlobalSection
EndGlobal
