
Microsoft Visual Studio Solution File, Format Version 12.00
# Visual Studio Version 17
VisualStudioVersion = 17.5.33502.453
MinimumVisualStudioVersion = 10.0.40219.1
Project("{FAE04EC0-301F-11D3-BF4B-00C04F79EFBC}") = "UtilizandoVariosFormularios", "UtilizandoVariosFormularios\UtilizandoVariosFormularios.csproj", "{315324BD-4935-43A3-9A50-25D20AB81FE8}"
EndProject
Global
	GlobalSection(SolutionConfigurationPlatforms) = preSolution
		Debug|Any CPU = Debug|Any CPU
		Release|Any CPU = Release|Any CPU
	EndGlobalSection
	GlobalSection(ProjectConfigurationPlatforms) = postSolution
		{315324BD-4935-43A3-9A50-25D20AB81FE8}.Debug|Any CPU.ActiveCfg = Debug|Any CPU
		{315324BD-4935-43A3-9A50-25D20AB81FE8}.Debug|Any CPU.Build.0 = Debug|Any CPU
		{315324BD-4935-43A3-9A50-25D20AB81FE8}.Release|Any CPU.ActiveCfg = Release|Any CPU
		{315324BD-4935-43A3-9A50-25D20AB81FE8}.Release|Any CPU.Build.0 = Release|Any CPU
	EndGlobalSection
	GlobalSection(SolutionProperties) = preSolution
		HideSolutionNode = FALSE
	EndGlobalSection
	GlobalSection(ExtensibilityGlobals) = postSolution
		SolutionGuid = {B91D74FD-98ED-42AA-AAD3-ACF7244A0E47}
	EndGlobalSection
EndGlobal
