
Microsoft Visual Studio Solution File, Format Version 12.00
# Visual Studio Version 17
VisualStudioVersion = 17.5.33502.453
MinimumVisualStudioVersion = 10.0.40219.1
Project("{FAE04EC0-301F-11D3-BF4B-00C04F79EFBC}") = "FolderBrowserDialog", "FolderBrowserDialog\FolderBrowserDialog.csproj", "{4F371D6A-F764-4731-9419-154EFD281F40}"
EndProject
Global
	GlobalSection(SolutionConfigurationPlatforms) = preSolution
		Debug|Any CPU = Debug|Any CPU
		Release|Any CPU = Release|Any CPU
	EndGlobalSection
	GlobalSection(ProjectConfigurationPlatforms) = postSolution
		{4F371D6A-F764-4731-9419-154EFD281F40}.Debug|Any CPU.ActiveCfg = Debug|Any CPU
		{4F371D6A-F764-4731-9419-154EFD281F40}.Debug|Any CPU.Build.0 = Debug|Any CPU
		{4F371D6A-F764-4731-9419-154EFD281F40}.Release|Any CPU.ActiveCfg = Release|Any CPU
		{4F371D6A-F764-4731-9419-154EFD281F40}.Release|Any CPU.Build.0 = Release|Any CPU
	EndGlobalSection
	GlobalSection(SolutionProperties) = preSolution
		HideSolutionNode = FALSE
	EndGlobalSection
	GlobalSection(ExtensibilityGlobals) = postSolution
		SolutionGuid = {AA84DF9D-0ED7-4DF3-82DD-3CB45411B12E}
	EndGlobalSection
EndGlobal
