
Microsoft Visual Studio Solution File, Format Version 12.00
# Visual Studio Version 17
VisualStudioVersion = 17.5.33502.453
MinimumVisualStudioVersion = 10.0.40219.1
Project("{FAE04EC0-301F-11D3-BF4B-00C04F79EFBC}") = "Heranca_Classe", "Heranca_Classe\Heranca_Classe.csproj", "{DF4A67B1-C7B3-4BF9-A8AF-3CF7DE8A0BD7}"
EndProject
Global
	GlobalSection(SolutionConfigurationPlatforms) = preSolution
		Debug|Any CPU = Debug|Any CPU
		Release|Any CPU = Release|Any CPU
	EndGlobalSection
	GlobalSection(ProjectConfigurationPlatforms) = postSolution
		{DF4A67B1-C7B3-4BF9-A8AF-3CF7DE8A0BD7}.Debug|Any CPU.ActiveCfg = Debug|Any CPU
		{DF4A67B1-C7B3-4BF9-A8AF-3CF7DE8A0BD7}.Debug|Any CPU.Build.0 = Debug|Any CPU
		{DF4A67B1-C7B3-4BF9-A8AF-3CF7DE8A0BD7}.Release|Any CPU.ActiveCfg = Release|Any CPU
		{DF4A67B1-C7B3-4BF9-A8AF-3CF7DE8A0BD7}.Release|Any CPU.Build.0 = Release|Any CPU
	EndGlobalSection
	GlobalSection(SolutionProperties) = preSolution
		HideSolutionNode = FALSE
	EndGlobalSection
	GlobalSection(ExtensibilityGlobals) = postSolution
		SolutionGuid = {0E9CE5C4-0772-41B7-B691-D20AD00B1B21}
	EndGlobalSection
EndGlobal
