
Microsoft Visual Studio Solution File, Format Version 12.00
# Visual Studio Version 17
VisualStudioVersion = 17.5.33502.453
MinimumVisualStudioVersion = 10.0.40219.1
Project("{FAE04EC0-301F-11D3-BF4B-00C04F79EFBC}") = "ControleToolTip", "ControleToolTip\ControleToolTip.csproj", "{0CC380F3-A16E-47AD-ABCD-3AB63A89B843}"
EndProject
Global
	GlobalSection(SolutionConfigurationPlatforms) = preSolution
		Debug|Any CPU = Debug|Any CPU
		Release|Any CPU = Release|Any CPU
	EndGlobalSection
	GlobalSection(ProjectConfigurationPlatforms) = postSolution
		{0CC380F3-A16E-47AD-ABCD-3AB63A89B843}.Debug|Any CPU.ActiveCfg = Debug|Any CPU
		{0CC380F3-A16E-47AD-ABCD-3AB63A89B843}.Debug|Any CPU.Build.0 = Debug|Any CPU
		{0CC380F3-A16E-47AD-ABCD-3AB63A89B843}.Release|Any CPU.ActiveCfg = Release|Any CPU
		{0CC380F3-A16E-47AD-ABCD-3AB63A89B843}.Release|Any CPU.Build.0 = Release|Any CPU
	EndGlobalSection
	GlobalSection(SolutionProperties) = preSolution
		HideSolutionNode = FALSE
	EndGlobalSection
	GlobalSection(ExtensibilityGlobals) = postSolution
		SolutionGuid = {6630E0E0-9E98-418D-8634-676DE44E6B0C}
	EndGlobalSection
EndGlobal
