
Microsoft Visual Studio Solution File, Format Version 12.00
# Visual Studio Version 17
VisualStudioVersion = 17.6.33801.468
MinimumVisualStudioVersion = 10.0.40219.1
Project("{FAE04EC0-301F-11D3-BF4B-00C04F79EFBC}") = "BancoDeDadosLocal", "BancoDeDadosLocal\BancoDeDadosLocal.csproj", "{B4847F6A-3D3E-4EA5-8E85-5D503C05DA2F}"
EndProject
Global
	GlobalSection(SolutionConfigurationPlatforms) = preSolution
		Debug|Any CPU = Debug|Any CPU
		Release|Any CPU = Release|Any CPU
	EndGlobalSection
	GlobalSection(ProjectConfigurationPlatforms) = postSolution
		{B4847F6A-3D3E-4EA5-8E85-5D503C05DA2F}.Debug|Any CPU.ActiveCfg = Debug|Any CPU
		{B4847F6A-3D3E-4EA5-8E85-5D503C05DA2F}.Debug|Any CPU.Build.0 = Debug|Any CPU
		{B4847F6A-3D3E-4EA5-8E85-5D503C05DA2F}.Release|Any CPU.ActiveCfg = Release|Any CPU
		{B4847F6A-3D3E-4EA5-8E85-5D503C05DA2F}.Release|Any CPU.Build.0 = Release|Any CPU
	EndGlobalSection
	GlobalSection(SolutionProperties) = preSolution
		HideSolutionNode = FALSE
	EndGlobalSection
	GlobalSection(ExtensibilityGlobals) = postSolution
		SolutionGuid = {0D9F8C58-AA14-43CE-BC6C-31ACB1A021A8}
	EndGlobalSection
EndGlobal
