
Microsoft Visual Studio Solution File, Format Version 12.00
# Visual Studio Version 17
VisualStudioVersion = 17.5.33502.453
MinimumVisualStudioVersion = 10.0.40219.1
Project("{FAE04EC0-301F-11D3-BF4B-00C04F79EFBC}") = "ManeirasDeOrganizarControles", "ManeirasDeOrganizarControles\ManeirasDeOrganizarControles.csproj", "{D71307BB-5B8F-4997-8A8F-4B97DC192E51}"
EndProject
Global
	GlobalSection(SolutionConfigurationPlatforms) = preSolution
		Debug|Any CPU = Debug|Any CPU
		Release|Any CPU = Release|Any CPU
	EndGlobalSection
	GlobalSection(ProjectConfigurationPlatforms) = postSolution
		{D71307BB-5B8F-4997-8A8F-4B97DC192E51}.Debug|Any CPU.ActiveCfg = Debug|Any CPU
		{D71307BB-5B8F-4997-8A8F-4B97DC192E51}.Debug|Any CPU.Build.0 = Debug|Any CPU
		{D71307BB-5B8F-4997-8A8F-4B97DC192E51}.Release|Any CPU.ActiveCfg = Release|Any CPU
		{D71307BB-5B8F-4997-8A8F-4B97DC192E51}.Release|Any CPU.Build.0 = Release|Any CPU
	EndGlobalSection
	GlobalSection(SolutionProperties) = preSolution
		HideSolutionNode = FALSE
	EndGlobalSection
	GlobalSection(ExtensibilityGlobals) = postSolution
		SolutionGuid = {3A1993AC-E0D5-46FF-804B-985EAFCDACB8}
	EndGlobalSection
EndGlobal
