
Microsoft Visual Studio Solution File, Format Version 12.00
# Visual Studio Version 17
VisualStudioVersion = 17.5.33502.453
MinimumVisualStudioVersion = 10.0.40219.1
Project("{FAE04EC0-301F-11D3-BF4B-00C04F79EFBC}") = "Delegates", "Delegates\Delegates.csproj", "{42A5DE34-00A6-401A-BE97-61D08EDEA9B8}"
EndProject
Global
	GlobalSection(SolutionConfigurationPlatforms) = preSolution
		Debug|Any CPU = Debug|Any CPU
		Release|Any CPU = Release|Any CPU
	EndGlobalSection
	GlobalSection(ProjectConfigurationPlatforms) = postSolution
		{42A5DE34-00A6-401A-BE97-61D08EDEA9B8}.Debug|Any CPU.ActiveCfg = Debug|Any CPU
		{42A5DE34-00A6-401A-BE97-61D08EDEA9B8}.Debug|Any CPU.Build.0 = Debug|Any CPU
		{42A5DE34-00A6-401A-BE97-61D08EDEA9B8}.Release|Any CPU.ActiveCfg = Release|Any CPU
		{42A5DE34-00A6-401A-BE97-61D08EDEA9B8}.Release|Any CPU.Build.0 = Release|Any CPU
	EndGlobalSection
	GlobalSection(SolutionProperties) = preSolution
		HideSolutionNode = FALSE
	EndGlobalSection
	GlobalSection(ExtensibilityGlobals) = postSolution
		SolutionGuid = {A629C4FD-C788-43FF-8A74-DE2C84D77129}
	EndGlobalSection
EndGlobal
