
Microsoft Visual Studio Solution File, Format Version 12.00
# Visual Studio Version 17
VisualStudioVersion = 17.5.33502.453
MinimumVisualStudioVersion = 10.0.40219.1
Project("{FAE04EC0-301F-11D3-BF4B-00C04F79EFBC}") = "ProjetoLogInConsole", "ProjetoLogInConsole\ProjetoLogInConsole.csproj", "{CBF25468-5C62-4E9C-8A4E-E2C0BA952268}"
EndProject
Global
	GlobalSection(SolutionConfigurationPlatforms) = preSolution
		Debug|Any CPU = Debug|Any CPU
		Release|Any CPU = Release|Any CPU
	EndGlobalSection
	GlobalSection(ProjectConfigurationPlatforms) = postSolution
		{CBF25468-5C62-4E9C-8A4E-E2C0BA952268}.Debug|Any CPU.ActiveCfg = Debug|Any CPU
		{CBF25468-5C62-4E9C-8A4E-E2C0BA952268}.Debug|Any CPU.Build.0 = Debug|Any CPU
		{CBF25468-5C62-4E9C-8A4E-E2C0BA952268}.Release|Any CPU.ActiveCfg = Release|Any CPU
		{CBF25468-5C62-4E9C-8A4E-E2C0BA952268}.Release|Any CPU.Build.0 = Release|Any CPU
	EndGlobalSection
	GlobalSection(SolutionProperties) = preSolution
		HideSolutionNode = FALSE
	EndGlobalSection
	GlobalSection(ExtensibilityGlobals) = postSolution
		SolutionGuid = {E35AFF7C-C706-4B6B-B7C1-7D6DC7E85A26}
	EndGlobalSection
EndGlobal
