
Microsoft Visual Studio Solution File, Format Version 12.00
# Visual Studio Version 17
VisualStudioVersion = 17.5.33502.453
MinimumVisualStudioVersion = 10.0.40219.1
Project("{FAE04EC0-301F-11D3-BF4B-00C04F79EFBC}") = "MandandoEmails", "MandandoEmails\MandandoEmails.csproj", "{AA6D80A2-36F7-4F46-9CCC-AC5025C9C2CF}"
EndProject
Global
	GlobalSection(SolutionConfigurationPlatforms) = preSolution
		Debug|Any CPU = Debug|Any CPU
		Release|Any CPU = Release|Any CPU
	EndGlobalSection
	GlobalSection(ProjectConfigurationPlatforms) = postSolution
		{AA6D80A2-36F7-4F46-9CCC-AC5025C9C2CF}.Debug|Any CPU.ActiveCfg = Debug|Any CPU
		{AA6D80A2-36F7-4F46-9CCC-AC5025C9C2CF}.Debug|Any CPU.Build.0 = Debug|Any CPU
		{AA6D80A2-36F7-4F46-9CCC-AC5025C9C2CF}.Release|Any CPU.ActiveCfg = Release|Any CPU
		{AA6D80A2-36F7-4F46-9CCC-AC5025C9C2CF}.Release|Any CPU.Build.0 = Release|Any CPU
	EndGlobalSection
	GlobalSection(SolutionProperties) = preSolution
		HideSolutionNode = FALSE
	EndGlobalSection
	GlobalSection(ExtensibilityGlobals) = postSolution
		SolutionGuid = {B622CF81-992D-4B49-ADFC-47752AE01E08}
	EndGlobalSection
EndGlobal
