
Microsoft Visual Studio Solution File, Format Version 12.00
# Visual Studio Version 17
VisualStudioVersion = 17.5.33502.453
MinimumVisualStudioVersion = 10.0.40219.1
Project("{FAE04EC0-301F-11D3-BF4B-00C04F79EFBC}") = "QuartoProjeto", "QuartoProjeto\QuartoProjeto.csproj", "{43CE0005-E7E6-4F83-B226-2014A2275556}"
EndProject
Global
	GlobalSection(SolutionConfigurationPlatforms) = preSolution
		Debug|Any CPU = Debug|Any CPU
		Release|Any CPU = Release|Any CPU
	EndGlobalSection
	GlobalSection(ProjectConfigurationPlatforms) = postSolution
		{43CE0005-E7E6-4F83-B226-2014A2275556}.Debug|Any CPU.ActiveCfg = Debug|Any CPU
		{43CE0005-E7E6-4F83-B226-2014A2275556}.Debug|Any CPU.Build.0 = Debug|Any CPU
		{43CE0005-E7E6-4F83-B226-2014A2275556}.Release|Any CPU.ActiveCfg = Release|Any CPU
		{43CE0005-E7E6-4F83-B226-2014A2275556}.Release|Any CPU.Build.0 = Release|Any CPU
	EndGlobalSection
	GlobalSection(SolutionProperties) = preSolution
		HideSolutionNode = FALSE
	EndGlobalSection
	GlobalSection(ExtensibilityGlobals) = postSolution
		SolutionGuid = {3F4BD53F-C62A-4FCF-8E4C-CBE86A58E8A3}
	EndGlobalSection
EndGlobal
