
Microsoft Visual Studio Solution File, Format Version 12.00
# Visual Studio Version 17
VisualStudioVersion = 17.5.33502.453
MinimumVisualStudioVersion = 10.0.40219.1
Project("{FAE04EC0-301F-11D3-BF4B-00C04F79EFBC}") = "Servidor", "Servidor\Servidor.csproj", "{F4710B44-26FD-44EE-8D58-5D8E85A2B0DA}"
EndProject
Global
	GlobalSection(SolutionConfigurationPlatforms) = preSolution
		Debug|Any CPU = Debug|Any CPU
		Release|Any CPU = Release|Any CPU
	EndGlobalSection
	GlobalSection(ProjectConfigurationPlatforms) = postSolution
		{F4710B44-26FD-44EE-8D58-5D8E85A2B0DA}.Debug|Any CPU.ActiveCfg = Debug|Any CPU
		{F4710B44-26FD-44EE-8D58-5D8E85A2B0DA}.Debug|Any CPU.Build.0 = Debug|Any CPU
		{F4710B44-26FD-44EE-8D58-5D8E85A2B0DA}.Release|Any CPU.ActiveCfg = Release|Any CPU
		{F4710B44-26FD-44EE-8D58-5D8E85A2B0DA}.Release|Any CPU.Build.0 = Release|Any CPU
	EndGlobalSection
	GlobalSection(SolutionProperties) = preSolution
		HideSolutionNode = FALSE
	EndGlobalSection
	GlobalSection(ExtensibilityGlobals) = postSolution
		SolutionGuid = {E7012A59-B596-4E39-BF53-286D48AF2EDB}
	EndGlobalSection
EndGlobal
