
Microsoft Visual Studio Solution File, Format Version 12.00
# Visual Studio Version 17
VisualStudioVersion = 17.5.33502.453
MinimumVisualStudioVersion = 10.0.40219.1
Project("{FAE04EC0-301F-11D3-BF4B-00C04F79EFBC}") = "ControlesProgramaticamente", "ControlesProgramaticamente\ControlesProgramaticamente.csproj", "{C78F5956-BB33-4F1C-AA4A-90010E2DF70B}"
EndProject
Global
	GlobalSection(SolutionConfigurationPlatforms) = preSolution
		Debug|Any CPU = Debug|Any CPU
		Release|Any CPU = Release|Any CPU
	EndGlobalSection
	GlobalSection(ProjectConfigurationPlatforms) = postSolution
		{C78F5956-BB33-4F1C-AA4A-90010E2DF70B}.Debug|Any CPU.ActiveCfg = Debug|Any CPU
		{C78F5956-BB33-4F1C-AA4A-90010E2DF70B}.Debug|Any CPU.Build.0 = Debug|Any CPU
		{C78F5956-BB33-4F1C-AA4A-90010E2DF70B}.Release|Any CPU.ActiveCfg = Release|Any CPU
		{C78F5956-BB33-4F1C-AA4A-90010E2DF70B}.Release|Any CPU.Build.0 = Release|Any CPU
	EndGlobalSection
	GlobalSection(SolutionProperties) = preSolution
		HideSolutionNode = FALSE
	EndGlobalSection
	GlobalSection(ExtensibilityGlobals) = postSolution
		SolutionGuid = {44C468F7-2070-4DA0-89C6-80FCDE4DFD19}
	EndGlobalSection
EndGlobal
