
Microsoft Visual Studio Solution File, Format Version 12.00
# Visual Studio Version 17
VisualStudioVersion = 17.6.33801.468
MinimumVisualStudioVersion = 10.0.40219.1
Project("{FAE04EC0-301F-11D3-BF4B-00C04F79EFBC}") = "ConexaoBancoDeDados", "ConexaoBancoDeDados\ConexaoBancoDeDados.csproj", "{D350F9C5-7470-4B38-8E55-DA66FB71E886}"
EndProject
Global
	GlobalSection(SolutionConfigurationPlatforms) = preSolution
		Debug|Any CPU = Debug|Any CPU
		Release|Any CPU = Release|Any CPU
	EndGlobalSection
	GlobalSection(ProjectConfigurationPlatforms) = postSolution
		{D350F9C5-7470-4B38-8E55-DA66FB71E886}.Debug|Any CPU.ActiveCfg = Debug|Any CPU
		{D350F9C5-7470-4B38-8E55-DA66FB71E886}.Debug|Any CPU.Build.0 = Debug|Any CPU
		{D350F9C5-7470-4B38-8E55-DA66FB71E886}.Release|Any CPU.ActiveCfg = Release|Any CPU
		{D350F9C5-7470-4B38-8E55-DA66FB71E886}.Release|Any CPU.Build.0 = Release|Any CPU
	EndGlobalSection
	GlobalSection(SolutionProperties) = preSolution
		HideSolutionNode = FALSE
	EndGlobalSection
	GlobalSection(ExtensibilityGlobals) = postSolution
		SolutionGuid = {11192902-F821-44C4-8E4E-209278F2378B}
	EndGlobalSection
EndGlobal
