
Microsoft Visual Studio Solution File, Format Version 12.00
# Visual Studio Version 17
VisualStudioVersion = 17.5.33502.453
MinimumVisualStudioVersion = 10.0.40219.1
Project("{FAE04EC0-301F-11D3-BF4B-00C04F79EFBC}") = "Tipo_DateTime", "Tipo_DateTime\Tipo_DateTime.csproj", "{1731121E-A4A4-491A-A256-563DE5255B93}"
EndProject
Global
	GlobalSection(SolutionConfigurationPlatforms) = preSolution
		Debug|Any CPU = Debug|Any CPU
		Release|Any CPU = Release|Any CPU
	EndGlobalSection
	GlobalSection(ProjectConfigurationPlatforms) = postSolution
		{1731121E-A4A4-491A-A256-563DE5255B93}.Debug|Any CPU.ActiveCfg = Debug|Any CPU
		{1731121E-A4A4-491A-A256-563DE5255B93}.Debug|Any CPU.Build.0 = Debug|Any CPU
		{1731121E-A4A4-491A-A256-563DE5255B93}.Release|Any CPU.ActiveCfg = Release|Any CPU
		{1731121E-A4A4-491A-A256-563DE5255B93}.Release|Any CPU.Build.0 = Release|Any CPU
	EndGlobalSection
	GlobalSection(SolutionProperties) = preSolution
		HideSolutionNode = FALSE
	EndGlobalSection
	GlobalSection(ExtensibilityGlobals) = postSolution
		SolutionGuid = {41A82EF9-A100-4417-BF2F-11DBEAD52C9D}
	EndGlobalSection
EndGlobal
